{
  "name": "asl-lesson2.0",
  "version": "1.0.0",
  "lockfileVersion": 3,
  "requires": true,
  "packages": {
    "": {
      "name": "asl-lesson2.0",
      "version": "1.0.0",
      "license": "ISC",
      "dependencies": {
        "@octokit/rest": "^21.1.1",
        "@types/react-syntax-highlighter": "^15.5.11",
        "firebase-admin": "^12.0.0",
        "lucide-react": "^0.424.0",
        "next": "^14.2.0",
        "react": "^18.3.1",
        "react-dom": "^18.3.1",
        "react-markdown": "^9.0.3",
        "react-syntax-highlighter": "^15.5.0",
        "remark-gfm": "^4.0.0",
        "zod": "^3.23.8"
      }
    }
  },
  "dependencies": {
    "@octokit/rest": {
      "version": "^21.1.1",
      "requires": {}
    },
    "@types/react-syntax-highlighter": {
      "version": "^15.5.11",
      "requires": {}
    },
    "firebase-admin": {
      "version": "^12.0.0",
      "requires": {}
    },
    "lucide-react": {
      "version": "^0.424.0",
      "requires": {}
    },
    "next": {
      "version": "^14.2.0",
      "requires": {}
    },
    "react": {
      "version": "^18.3.1",
      "requires": {}
    },
    "react-dom": {
      "version": "^18.3.1",
      "requires": {}
    },
    "react-markdown": {
      "version": "^9.0.3",
      "requires": {}
    },
    "react-syntax-highlighter": {
      "version": "^15.5.0",
      "requires": {}
    },
    "remark-gfm": {
      "version": "^4.0.0",
      "requires": {}
    },
    "zod": {
      "version": "^3.23.8",
      "requires": {}
    }
  }
}
